
Microsoft Visual Studio Solution File, Format Version 12.00
# Visual Studio Version 17
VisualStudioVersion = 17.10.35004.147
MinimumVisualStudioVersion = 10.0.40219.1
Project("{2150E333-8FDC-42A3-9474-1A3956D46DE8}") = "Solution Items", "Solution Items", "{2F802CB3-8964-43D3-8B22-2A8D8C7A20DA}"
	ProjectSection(SolutionItems) = preProject
		.gitignore = .gitignore
		LICENSE = LICENSE
		README.md = README.md
	EndProjectSection
EndProject
Project("{9A19103F-16F7-4668-BE54-9A1E7A4F7556}") = "LangTool", "LangTool\LangTool.csproj", "{D3F63BBB-19C8-4EB7-969B-D8C87EE2A04A}"
EndProject
Project("{9A19103F-16F7-4668-BE54-9A1E7A4F7556}") = "MgsvTppSoldierNameReplacer", "MgsvTppSoldierNameReplacer\MgsvTppSoldierNameReplacer.csproj", "{DB85FB5F-FD01-4244-8CB5-687BD7CD15B4}"
EndProject
Project("{9A19103F-16F7-4668-BE54-9A1E7A4F7556}") = "MgsvTppSoldierNameReplacer.Desktop", "MgsvTppSoldierNameReplacer.Desktop\MgsvTppSoldierNameReplacer.Desktop.csproj", "{54F9A5F3-F699-48EA-8831-0428BA0ED03E}"
EndProject
Global
	GlobalSection(SolutionConfigurationPlatforms) = preSolution
		Debug|Any CPU = Debug|Any CPU
		Release|Any CPU = Release|Any CPU
	EndGlobalSection
	GlobalSection(ProjectConfigurationPlatforms) = postSolution
		{D3F63BBB-19C8-4EB7-969B-D8C87EE2A04A}.Debug|Any CPU.ActiveCfg = Debug|Any CPU
		{D3F63BBB-19C8-4EB7-969B-D8C87EE2A04A}.Debug|Any CPU.Build.0 = Debug|Any CPU
		{D3F63BBB-19C8-4EB7-969B-D8C87EE2A04A}.Release|Any CPU.ActiveCfg = Release|Any CPU
		{D3F63BBB-19C8-4EB7-969B-D8C87EE2A04A}.Release|Any CPU.Build.0 = Release|Any CPU
		{DB85FB5F-FD01-4244-8CB5-687BD7CD15B4}.Debug|Any CPU.ActiveCfg = Debug|Any CPU
		{DB85FB5F-FD01-4244-8CB5-687BD7CD15B4}.Debug|Any CPU.Build.0 = Debug|Any CPU
		{DB85FB5F-FD01-4244-8CB5-687BD7CD15B4}.Release|Any CPU.ActiveCfg = Release|Any CPU
		{DB85FB5F-FD01-4244-8CB5-687BD7CD15B4}.Release|Any CPU.Build.0 = Release|Any CPU
		{54F9A5F3-F699-48EA-8831-0428BA0ED03E}.Debug|Any CPU.ActiveCfg = Debug|Any CPU
		{54F9A5F3-F699-48EA-8831-0428BA0ED03E}.Debug|Any CPU.Build.0 = Debug|Any CPU
		{54F9A5F3-F699-48EA-8831-0428BA0ED03E}.Release|Any CPU.ActiveCfg = Release|Any CPU
		{54F9A5F3-F699-48EA-8831-0428BA0ED03E}.Release|Any CPU.Build.0 = Release|Any CPU
	EndGlobalSection
	GlobalSection(SolutionProperties) = preSolution
		HideSolutionNode = FALSE
	EndGlobalSection
	GlobalSection(ExtensibilityGlobals) = postSolution
		SolutionGuid = {F7D6FE55-6B71-47E0-B9E3-920C15A31168}
	EndGlobalSection
EndGlobal
